{
  "name": "differential-equations",
  "version": "1.0.0",
  "lockfileVersion": 1,
  "requires": true,
  "dependencies": {
    "big-integer": {
      "version": "1.6.48",
      "resolved": "https://registry.npmjs.org/big-integer/-/big-integer-1.6.48.tgz",
      "integrity": "sha512-j51egjPa7/i+RdiRuJbPdJ2FIUYYPhvYLjzoYbcMMm62ooO6F94fETG4MTs46zPAF9Brs04OajboA/qTGuz78w=="
    },
    "commander": {
      "version": "7.1.0",
      "resolved": "https://registry.npmjs.org/commander/-/commander-7.1.0.tgz",
      "integrity": "sha512-pRxBna3MJe6HKnBGsDyMv8ETbptw3axEdYHoqNh7gu5oDcew8fs0xnivZGm06Ogk8zGAJ9VX+OPEr2GXEQK4dg==",
      "dev": true
    },
    "complex.js": {
      "version": "2.0.12",
      "resolved": "https://registry.npmjs.org/complex.js/-/complex.js-2.0.12.tgz",
      "integrity": "sha512-oQX99fwL6LrTVg82gDY1dIWXy6qZRnRL35N+YhIX0N7tSwsa0KFy6IEMHTNuCW4mP7FS7MEqZ/2I/afzYwPldw=="
    },
    "fraction.js": {
      "version": "4.0.13",
      "resolved": "https://registry.npmjs.org/fraction.js/-/fraction.js-4.0.13.tgz",
      "integrity": "sha512-E1fz2Xs9ltlUp+qbiyx9wmt2n9dRzPsS11Jtdb8D2o+cC7wr9xkkKsVKJuBX0ST+LVS+LhLO+SbLJNtfWcJvXA=="
    },
    "globalyzer": {
      "version": "0.1.0",
      "resolved": "https://registry.npmjs.org/globalyzer/-/globalyzer-0.1.0.tgz",
      "integrity": "sha512-40oNTM9UfG6aBmuKxk/giHn5nQ8RVz/SS4Ir6zgzOv9/qC3kKZ9v4etGTcJbEl/NyVQH7FGU7d+X1egr57Md2Q==",
      "dev": true
    },
    "globrex": {
      "version": "0.1.2",
      "resolved": "https://registry.npmjs.org/globrex/-/globrex-0.1.2.tgz",
      "integrity": "sha512-uHJgbwAMwNFf5mLst7IWLNg14x1CkeqglJb/K3doi4dw6q2IvAAmM/Y81kevy83wP+Sst+nutFTYOGg3d1lsxg==",
      "dev": true
    },
    "js-reporters": {
      "version": "1.2.3",
      "resolved": "https://registry.npmjs.org/js-reporters/-/js-reporters-1.2.3.tgz",
      "integrity": "sha512-2YzWkHbbRu6LueEs5ZP3P1LqbECvAeUJYrjw3H4y1ofW06hqCS0AbzBtLwbr+Hke51bt9CUepJ/Fj1hlCRIF6A==",
      "dev": true
    },
    "node-watch": {
      "version": "0.7.1",
      "resolved": "https://registry.npmjs.org/node-watch/-/node-watch-0.7.1.tgz",
      "integrity": "sha512-UWblPYuZYrkCQCW5PxAwYSxaELNBLUckrTBBk8xr1/bUgyOkYYTsUcV4e3ytcazFEOyiRyiUrsG37pu6I0I05g==",
      "dev": true
    },
    "polynomial": {
      "version": "1.4.5",
      "resolved": "https://registry.npmjs.org/polynomial/-/polynomial-1.4.5.tgz",
      "integrity": "sha512-ZLWaN9tWUk0v0G3yc5y4F4qDHFZS0bUIqtan9fUeU/sacSM1EP3TwA5H8ophhd9sxjzowu9gN5bktNzFotMfcA==",
      "requires": {
        "big-integer": "*",
        "complex.js": "*",
        "fraction.js": "*",
        "quaternion": "*"
      }
    },
    "quaternion": {
      "version": "1.1.0",
      "resolved": "https://registry.npmjs.org/quaternion/-/quaternion-1.1.0.tgz",
      "integrity": "sha512-mLTtnzuMtUzguemuvsxD+KPS4F05H1Bw/4cNsQQvzfvPEGvkmWLRoAKsHT0V9go4X4hOU3LCtuxqWXQi3JN+SA=="
    },
    "qunit": {
      "version": "2.14.1",
      "resolved": "https://registry.npmjs.org/qunit/-/qunit-2.14.1.tgz",
      "integrity": "sha512-jtFw8bf8+GjzY8UpnwbjqTOdK/rvrjcafUFTNpRc6/9N4q5dBwcwSMlcC76kAn5BRiSFj5Ssn2dfHtEYvtsXSw==",
      "dev": true,
      "requires": {
        "commander": "7.1.0",
        "js-reporters": "1.2.3",
        "node-watch": "0.7.1",
        "tiny-glob": "0.2.8"
      }
    },
    "tiny-glob": {
      "version": "0.2.8",
      "resolved": "https://registry.npmjs.org/tiny-glob/-/tiny-glob-0.2.8.tgz",
      "integrity": "sha512-vkQP7qOslq63XRX9kMswlby99kyO5OvKptw7AMwBVMjXEI7Tb61eoI5DydyEMOseyGS5anDN1VPoVxEvH01q8w==",
      "dev": true,
      "requires": {
        "globalyzer": "0.1.0",
        "globrex": "^0.1.2"
      }
    },
    "typescript": {
      "version": "4.2.3",
      "resolved": "https://registry.npmjs.org/typescript/-/typescript-4.2.3.tgz",
      "integrity": "sha512-qOcYwxaByStAWrBf4x0fibwZvMRG+r4cQoTjbPtUlrWjBHbmCAww1i448U0GJ+3cNNEtebDteo/cHOR3xJ4wEw==",
      "dev": true
    }
  }
}
